
Microsoft Visual Studio Solution File, Format Version 12.00
# Visual Studio Version 17
VisualStudioVersion = 17.11.35303.130
MinimumVisualStudioVersion = 10.0.40219.1
Project("{9A19103F-16F7-4668-BE54-9A1E7A4F7556}") = "Tyuiu.DikanovAA.Sprint5.Task0.V9", "Tyuiu.DikanovAA.Sprint5.Task0.V9\Tyuiu.DikanovAA.Sprint5.Task0.V9.csproj", "{13D68849-E6CA-4945-ACF5-FE392257D78A}"
EndProject
Project("{9A19103F-16F7-4668-BE54-9A1E7A4F7556}") = "Tyuiu.DikanovAA.Sprint5.Task0.V9.Lib", "Tyuiu.DikanovAA.Sprint5.Task0.V9.Lib\Tyuiu.DikanovAA.Sprint5.Task0.V9.Lib.csproj", "{4C34AF49-B062-4BA2-AFE8-20B5BF0F0079}"
EndProject
Project("{9A19103F-16F7-4668-BE54-9A1E7A4F7556}") = "Tyuiu.DikanovAA.Sprint5.Task0.V9.Test", "Tyuiu.DikanovAA.Sprint5.Task0.V9.Test\Tyuiu.DikanovAA.Sprint5.Task0.V9.Test.csproj", "{1A839A68-37AA-4378-AADB-140EC7DAEDE3}"
EndProject
Project("{2150E333-8FDC-42A3-9474-1A3956D46DE8}") = "Task1", "Task1", "{7826C4D3-A263-44DF-AFB8-F3B115834E2E}"
EndProject
Project("{9A19103F-16F7-4668-BE54-9A1E7A4F7556}") = "Tyuiu.DikanovAA.Sprint5.Task1.V11", "Tyuiu.DikanovAA.Sprint5.Task1.V11\Tyuiu.DikanovAA.Sprint5.Task1.V11.csproj", "{117CAB19-5612-4498-BF33-A351C7EBC6EA}"
EndProject
Project("{9A19103F-16F7-4668-BE54-9A1E7A4F7556}") = "Tyuiu.DikanovAA.Sprint5.Task1.V11.Lib", "Tyuiu.DikanovAA.Sprint5.Task1.V11.Lib\Tyuiu.DikanovAA.Sprint5.Task1.V11.Lib.csproj", "{68B9E0F8-6D66-4416-BF2D-5113326A7C2F}"
EndProject
Project("{9A19103F-16F7-4668-BE54-9A1E7A4F7556}") = "Tyuiu.DikanovAA.Sprint5.Task1.V11.Test", "Tyuiu.DikanovAA.Sprint5.Task1.V11.Test\Tyuiu.DikanovAA.Sprint5.Task1.V11.Test.csproj", "{8B9A3914-9518-45CC-835B-4589F449626A}"
EndProject
Project("{2150E333-8FDC-42A3-9474-1A3956D46DE8}") = "Task2", "Task2", "{BDAADC23-ED42-439A-B68B-71C021F15746}"
EndProject
Project("{9A19103F-16F7-4668-BE54-9A1E7A4F7556}") = "Tyuiu.DikanovAA.Sprint5.Task2.V17", "Tyuiu.DikanovAA.Sprint5.Task2.V17\Tyuiu.DikanovAA.Sprint5.Task2.V17.csproj", "{E4A0C8B2-88FB-4C11-8CA7-1BA32CA676B2}"
EndProject
Project("{9A19103F-16F7-4668-BE54-9A1E7A4F7556}") = "Tyuiu.DikanovAA.Sprint5.Task2.V17.Lib", "Tyuiu.DikanovAA.Sprint5.Task2.V17.Lib\Tyuiu.DikanovAA.Sprint5.Task2.V17.Lib.csproj", "{82AA2624-6404-4029-981A-E3179B3A743A}"
EndProject
Project("{9A19103F-16F7-4668-BE54-9A1E7A4F7556}") = "Tyuiu.DikanovAA.Sprint5.Task2.V17.Test", "Tyuiu.DikanovAA.Sprint5.Task2.V17.Test\Tyuiu.DikanovAA.Sprint5.Task2.V17.Test.csproj", "{69237120-509A-4126-A1C0-0AFB96F62929}"
EndProject
Project("{2150E333-8FDC-42A3-9474-1A3956D46DE8}") = "Task3", "Task3", "{41EFF1C6-EBB6-4F0A-9987-C02E7B5DB705}"
EndProject
Project("{9A19103F-16F7-4668-BE54-9A1E7A4F7556}") = "Tyuiu.DikanovAA.Sprint5.Task3.V11", "Tyuiu.DikanovAA.Sprint5.Task3.V11\Tyuiu.DikanovAA.Sprint5.Task3.V11.csproj", "{51D6D4D8-2270-47CE-A5C0-92A8ED54E799}"
EndProject
Project("{9A19103F-16F7-4668-BE54-9A1E7A4F7556}") = "Tyuiu.DikanovAA.Sprint5.Task3.V11.Lib", "Tyuiu.DikanovAA.Sprint5.Task3.V11.Lib\Tyuiu.DikanovAA.Sprint5.Task3.V11.Lib.csproj", "{EAA2D851-7923-400D-99E8-408974B94495}"
EndProject
Project("{9A19103F-16F7-4668-BE54-9A1E7A4F7556}") = "Tyuiu.DikanovAA.Sprint5.Task3.V11.Test", "Tyuiu.DikanovAA.Sprint5.Task3.V11.Test\Tyuiu.DikanovAA.Sprint5.Task3.V11.Test.csproj", "{295A8F6C-062C-4E91-A20C-ECE821314B99}"
EndProject
Project("{2150E333-8FDC-42A3-9474-1A3956D46DE8}") = "Task4", "Task4", "{AC871ACA-0A4A-481A-AD7F-A6D69BEBDD8D}"
EndProject
Project("{9A19103F-16F7-4668-BE54-9A1E7A4F7556}") = "Tyuiu.DikanovAA.Sprint5.Task4.V16", "Tyuiu.DikanovAA.Sprint5.Task4.V16\Tyuiu.DikanovAA.Sprint5.Task4.V16.csproj", "{78205993-D7E0-46DD-A7A7-5B624AEF70F3}"
EndProject
Project("{9A19103F-16F7-4668-BE54-9A1E7A4F7556}") = "Tyuiu.DikanovAA.Sprint5.Task4.V16.Lib", "Tyuiu.DikanovAA.Sprint5.Task4.V16.Lib\Tyuiu.DikanovAA.Sprint5.Task4.V16.Lib.csproj", "{AB99BA2F-C79F-4341-8BC6-F0CB8DF07B66}"
EndProject
Project("{9A19103F-16F7-4668-BE54-9A1E7A4F7556}") = "Tyuiu.DikanovAA.Sprint5.Task4.V16.Test", "Tyuiu.DikanovAA.Sprint5.Task4.V16.Test\Tyuiu.DikanovAA.Sprint5.Task4.V16.Test.csproj", "{8062DABB-6FF2-4AF9-8142-FCE4C1F5CDEF}"
EndProject
Project("{2150E333-8FDC-42A3-9474-1A3956D46DE8}") = "Task5", "Task5", "{56890288-048C-4098-89D9-AE495B1D1303}"
EndProject
Project("{9A19103F-16F7-4668-BE54-9A1E7A4F7556}") = "Tyuiu.DikanovAA.Sprint5.Task5.V20", "Tyuiu.DikanovAA.Sprint5.Task5.V20\Tyuiu.DikanovAA.Sprint5.Task5.V20.csproj", "{69362961-09C4-4CF8-914F-FD4BBD679D08}"
EndProject
Project("{9A19103F-16F7-4668-BE54-9A1E7A4F7556}") = "Tyuiu.DikanovAA.Sprint5.Task5.V20.Lib", "Tyuiu.DikanovAA.Sprint5.Task5.V20.Lib\Tyuiu.DikanovAA.Sprint5.Task5.V20.Lib.csproj", "{EF01E765-D766-400B-B317-2FEDFAE562CB}"
EndProject
Project("{9A19103F-16F7-4668-BE54-9A1E7A4F7556}") = "Tyuiu.DikanovAA.Sprint5.Task5.V20.Test", "Tyuiu.DikanovAA.Sprint5.Task5.V20.Test\Tyuiu.DikanovAA.Sprint5.Task5.V20.Test.csproj", "{B956D5BB-B632-4EB5-A69D-2EFB6C1869A4}"
EndProject
Project("{2150E333-8FDC-42A3-9474-1A3956D46DE8}") = "Task6", "Task6", "{39287D69-83E1-4375-8EB6-BA838174B7D9}"
EndProject
Project("{FAE04EC0-301F-11D3-BF4B-00C04F79EFBC}") = "Tyuiu.DikanovAA.Sprint5.Task6.V26", "Tyuiu.DikanovAA.Sprint5.Task6.V26\Tyuiu.DikanovAA.Sprint5.Task6.V26.csproj", "{3A80100B-9E6E-4842-9239-B50BB8A81D9B}"
EndProject
Project("{FAE04EC0-301F-11D3-BF4B-00C04F79EFBC}") = "Tyuiu.DikanovAA.Sprint5.Task6.V26.Lib", "Tyuiu.DikanovAA.Sprint5.Task6.V26.Lib\Tyuiu.DikanovAA.Sprint5.Task6.V26.Lib.csproj", "{8C9FC48C-1D27-487C-AF56-DCD47F878E06}"
EndProject
Project("{FAE04EC0-301F-11D3-BF4B-00C04F79EFBC}") = "Tyuiu.DikanovAA.Sprint5.Task6.V26.Test", "Tyuiu.DikanovAA.Sprint5.Task6.V26.Test\Tyuiu.DikanovAA.Sprint5.Task6.V26.Test.csproj", "{EAED442A-82E8-44EC-BBE7-86FC19CE7935}"
EndProject
Global
	GlobalSection(SolutionConfigurationPlatforms) = preSolution
		Debug|Any CPU = Debug|Any CPU
		Release|Any CPU = Release|Any CPU
	EndGlobalSection
	GlobalSection(ProjectConfigurationPlatforms) = postSolution
		{13D68849-E6CA-4945-ACF5-FE392257D78A}.Debug|Any CPU.ActiveCfg = Debug|Any CPU
		{13D68849-E6CA-4945-ACF5-FE392257D78A}.Debug|Any CPU.Build.0 = Debug|Any CPU
		{13D68849-E6CA-4945-ACF5-FE392257D78A}.Release|Any CPU.ActiveCfg = Release|Any CPU
		{13D68849-E6CA-4945-ACF5-FE392257D78A}.Release|Any CPU.Build.0 = Release|Any CPU
		{4C34AF49-B062-4BA2-AFE8-20B5BF0F0079}.Debug|Any CPU.ActiveCfg = Debug|Any CPU
		{4C34AF49-B062-4BA2-AFE8-20B5BF0F0079}.Debug|Any CPU.Build.0 = Debug|Any CPU
		{4C34AF49-B062-4BA2-AFE8-20B5BF0F0079}.Release|Any CPU.ActiveCfg = Release|Any CPU
		{4C34AF49-B062-4BA2-AFE8-20B5BF0F0079}.Release|Any CPU.Build.0 = Release|Any CPU
		{1A839A68-37AA-4378-AADB-140EC7DAEDE3}.Debug|Any CPU.ActiveCfg = Debug|Any CPU
		{1A839A68-37AA-4378-AADB-140EC7DAEDE3}.Debug|Any CPU.Build.0 = Debug|Any CPU
		{1A839A68-37AA-4378-AADB-140EC7DAEDE3}.Release|Any CPU.ActiveCfg = Release|Any CPU
		{1A839A68-37AA-4378-AADB-140EC7DAEDE3}.Release|Any CPU.Build.0 = Release|Any CPU
		{117CAB19-5612-4498-BF33-A351C7EBC6EA}.Debug|Any CPU.ActiveCfg = Debug|Any CPU
		{117CAB19-5612-4498-BF33-A351C7EBC6EA}.Debug|Any CPU.Build.0 = Debug|Any CPU
		{117CAB19-5612-4498-BF33-A351C7EBC6EA}.Release|Any CPU.ActiveCfg = Release|Any CPU
		{117CAB19-5612-4498-BF33-A351C7EBC6EA}.Release|Any CPU.Build.0 = Release|Any CPU
		{68B9E0F8-6D66-4416-BF2D-5113326A7C2F}.Debug|Any CPU.ActiveCfg = Debug|Any CPU
		{68B9E0F8-6D66-4416-BF2D-5113326A7C2F}.Debug|Any CPU.Build.0 = Debug|Any CPU
		{68B9E0F8-6D66-4416-BF2D-5113326A7C2F}.Release|Any CPU.ActiveCfg = Release|Any CPU
		{68B9E0F8-6D66-4416-BF2D-5113326A7C2F}.Release|Any CPU.Build.0 = Release|Any CPU
		{8B9A3914-9518-45CC-835B-4589F449626A}.Debug|Any CPU.ActiveCfg = Debug|Any CPU
		{8B9A3914-9518-45CC-835B-4589F449626A}.Debug|Any CPU.Build.0 = Debug|Any CPU
		{8B9A3914-9518-45CC-835B-4589F449626A}.Release|Any CPU.ActiveCfg = Release|Any CPU
		{8B9A3914-9518-45CC-835B-4589F449626A}.Release|Any CPU.Build.0 = Release|Any CPU
		{E4A0C8B2-88FB-4C11-8CA7-1BA32CA676B2}.Debug|Any CPU.ActiveCfg = Debug|Any CPU
		{E4A0C8B2-88FB-4C11-8CA7-1BA32CA676B2}.Debug|Any CPU.Build.0 = Debug|Any CPU
		{E4A0C8B2-88FB-4C11-8CA7-1BA32CA676B2}.Release|Any CPU.ActiveCfg = Release|Any CPU
		{E4A0C8B2-88FB-4C11-8CA7-1BA32CA676B2}.Release|Any CPU.Build.0 = Release|Any CPU
		{82AA2624-6404-4029-981A-E3179B3A743A}.Debug|Any CPU.ActiveCfg = Debug|Any CPU
		{82AA2624-6404-4029-981A-E3179B3A743A}.Debug|Any CPU.Build.0 = Debug|Any CPU
		{82AA2624-6404-4029-981A-E3179B3A743A}.Release|Any CPU.ActiveCfg = Release|Any CPU
		{82AA2624-6404-4029-981A-E3179B3A743A}.Release|Any CPU.Build.0 = Release|Any CPU
		{69237120-509A-4126-A1C0-0AFB96F62929}.Debug|Any CPU.ActiveCfg = Debug|Any CPU
		{69237120-509A-4126-A1C0-0AFB96F62929}.Debug|Any CPU.Build.0 = Debug|Any CPU
		{69237120-509A-4126-A1C0-0AFB96F62929}.Release|Any CPU.ActiveCfg = Release|Any CPU
		{69237120-509A-4126-A1C0-0AFB96F62929}.Release|Any CPU.Build.0 = Release|Any CPU
		{51D6D4D8-2270-47CE-A5C0-92A8ED54E799}.Debug|Any CPU.ActiveCfg = Debug|Any CPU
		{51D6D4D8-2270-47CE-A5C0-92A8ED54E799}.Debug|Any CPU.Build.0 = Debug|Any CPU
		{51D6D4D8-2270-47CE-A5C0-92A8ED54E799}.Release|Any CPU.ActiveCfg = Release|Any CPU
		{51D6D4D8-2270-47CE-A5C0-92A8ED54E799}.Release|Any CPU.Build.0 = Release|Any CPU
		{EAA2D851-7923-400D-99E8-408974B94495}.Debug|Any CPU.ActiveCfg = Debug|Any CPU
		{EAA2D851-7923-400D-99E8-408974B94495}.Debug|Any CPU.Build.0 = Debug|Any CPU
		{EAA2D851-7923-400D-99E8-408974B94495}.Release|Any CPU.ActiveCfg = Release|Any CPU
		{EAA2D851-7923-400D-99E8-408974B94495}.Release|Any CPU.Build.0 = Release|Any CPU
		{295A8F6C-062C-4E91-A20C-ECE821314B99}.Debug|Any CPU.ActiveCfg = Debug|Any CPU
		{295A8F6C-062C-4E91-A20C-ECE821314B99}.Debug|Any CPU.Build.0 = Debug|Any CPU
		{295A8F6C-062C-4E91-A20C-ECE821314B99}.Release|Any CPU.ActiveCfg = Release|Any CPU
		{295A8F6C-062C-4E91-A20C-ECE821314B99}.Release|Any CPU.Build.0 = Release|Any CPU
		{78205993-D7E0-46DD-A7A7-5B624AEF70F3}.Debug|Any CPU.ActiveCfg = Debug|Any CPU
		{78205993-D7E0-46DD-A7A7-5B624AEF70F3}.Debug|Any CPU.Build.0 = Debug|Any CPU
		{78205993-D7E0-46DD-A7A7-5B624AEF70F3}.Release|Any CPU.ActiveCfg = Release|Any CPU
		{78205993-D7E0-46DD-A7A7-5B624AEF70F3}.Release|Any CPU.Build.0 = Release|Any CPU
		{AB99BA2F-C79F-4341-8BC6-F0CB8DF07B66}.Debug|Any CPU.ActiveCfg = Debug|Any CPU
		{AB99BA2F-C79F-4341-8BC6-F0CB8DF07B66}.Debug|Any CPU.Build.0 = Debug|Any CPU
		{AB99BA2F-C79F-4341-8BC6-F0CB8DF07B66}.Release|Any CPU.ActiveCfg = Release|Any CPU
		{AB99BA2F-C79F-4341-8BC6-F0CB8DF07B66}.Release|Any CPU.Build.0 = Release|Any CPU
		{8062DABB-6FF2-4AF9-8142-FCE4C1F5CDEF}.Debug|Any CPU.ActiveCfg = Debug|Any CPU
		{8062DABB-6FF2-4AF9-8142-FCE4C1F5CDEF}.Debug|Any CPU.Build.0 = Debug|Any CPU
		{8062DABB-6FF2-4AF9-8142-FCE4C1F5CDEF}.Release|Any CPU.ActiveCfg = Release|Any CPU
		{8062DABB-6FF2-4AF9-8142-FCE4C1F5CDEF}.Release|Any CPU.Build.0 = Release|Any CPU
		{69362961-09C4-4CF8-914F-FD4BBD679D08}.Debug|Any CPU.ActiveCfg = Debug|Any CPU
		{69362961-09C4-4CF8-914F-FD4BBD679D08}.Debug|Any CPU.Build.0 = Debug|Any CPU
		{69362961-09C4-4CF8-914F-FD4BBD679D08}.Release|Any CPU.ActiveCfg = Release|Any CPU
		{69362961-09C4-4CF8-914F-FD4BBD679D08}.Release|Any CPU.Build.0 = Release|Any CPU
		{EF01E765-D766-400B-B317-2FEDFAE562CB}.Debug|Any CPU.ActiveCfg = Debug|Any CPU
		{EF01E765-D766-400B-B317-2FEDFAE562CB}.Debug|Any CPU.Build.0 = Debug|Any CPU
		{EF01E765-D766-400B-B317-2FEDFAE562CB}.Release|Any CPU.ActiveCfg = Release|Any CPU
		{EF01E765-D766-400B-B317-2FEDFAE562CB}.Release|Any CPU.Build.0 = Release|Any CPU
		{B956D5BB-B632-4EB5-A69D-2EFB6C1869A4}.Debug|Any CPU.ActiveCfg = Debug|Any CPU
		{B956D5BB-B632-4EB5-A69D-2EFB6C1869A4}.Debug|Any CPU.Build.0 = Debug|Any CPU
		{B956D5BB-B632-4EB5-A69D-2EFB6C1869A4}.Release|Any CPU.ActiveCfg = Release|Any CPU
		{B956D5BB-B632-4EB5-A69D-2EFB6C1869A4}.Release|Any CPU.Build.0 = Release|Any CPU
		{3A80100B-9E6E-4842-9239-B50BB8A81D9B}.Debug|Any CPU.ActiveCfg = Debug|Any CPU
		{3A80100B-9E6E-4842-9239-B50BB8A81D9B}.Debug|Any CPU.Build.0 = Debug|Any CPU
		{3A80100B-9E6E-4842-9239-B50BB8A81D9B}.Release|Any CPU.ActiveCfg = Release|Any CPU
		{3A80100B-9E6E-4842-9239-B50BB8A81D9B}.Release|Any CPU.Build.0 = Release|Any CPU
		{8C9FC48C-1D27-487C-AF56-DCD47F878E06}.Debug|Any CPU.ActiveCfg = Debug|Any CPU
		{8C9FC48C-1D27-487C-AF56-DCD47F878E06}.Debug|Any CPU.Build.0 = Debug|Any CPU
		{8C9FC48C-1D27-487C-AF56-DCD47F878E06}.Release|Any CPU.ActiveCfg = Release|Any CPU
		{8C9FC48C-1D27-487C-AF56-DCD47F878E06}.Release|Any CPU.Build.0 = Release|Any CPU
		{EAED442A-82E8-44EC-BBE7-86FC19CE7935}.Debug|Any CPU.ActiveCfg = Debug|Any CPU
		{EAED442A-82E8-44EC-BBE7-86FC19CE7935}.Debug|Any CPU.Build.0 = Debug|Any CPU
		{EAED442A-82E8-44EC-BBE7-86FC19CE7935}.Release|Any CPU.ActiveCfg = Release|Any CPU
		{EAED442A-82E8-44EC-BBE7-86FC19CE7935}.Release|Any CPU.Build.0 = Release|Any CPU
	EndGlobalSection
	GlobalSection(SolutionProperties) = preSolution
		HideSolutionNode = FALSE
	EndGlobalSection
	GlobalSection(NestedProjects) = preSolution
		{7826C4D3-A263-44DF-AFB8-F3B115834E2E} = {BDAADC23-ED42-439A-B68B-71C021F15746}
		{117CAB19-5612-4498-BF33-A351C7EBC6EA} = {7826C4D3-A263-44DF-AFB8-F3B115834E2E}
		{68B9E0F8-6D66-4416-BF2D-5113326A7C2F} = {7826C4D3-A263-44DF-AFB8-F3B115834E2E}
		{8B9A3914-9518-45CC-835B-4589F449626A} = {7826C4D3-A263-44DF-AFB8-F3B115834E2E}
		{E4A0C8B2-88FB-4C11-8CA7-1BA32CA676B2} = {BDAADC23-ED42-439A-B68B-71C021F15746}
		{82AA2624-6404-4029-981A-E3179B3A743A} = {BDAADC23-ED42-439A-B68B-71C021F15746}
		{69237120-509A-4126-A1C0-0AFB96F62929} = {BDAADC23-ED42-439A-B68B-71C021F15746}
		{51D6D4D8-2270-47CE-A5C0-92A8ED54E799} = {41EFF1C6-EBB6-4F0A-9987-C02E7B5DB705}
		{EAA2D851-7923-400D-99E8-408974B94495} = {41EFF1C6-EBB6-4F0A-9987-C02E7B5DB705}
		{295A8F6C-062C-4E91-A20C-ECE821314B99} = {41EFF1C6-EBB6-4F0A-9987-C02E7B5DB705}
		{78205993-D7E0-46DD-A7A7-5B624AEF70F3} = {AC871ACA-0A4A-481A-AD7F-A6D69BEBDD8D}
		{AB99BA2F-C79F-4341-8BC6-F0CB8DF07B66} = {AC871ACA-0A4A-481A-AD7F-A6D69BEBDD8D}
		{8062DABB-6FF2-4AF9-8142-FCE4C1F5CDEF} = {AC871ACA-0A4A-481A-AD7F-A6D69BEBDD8D}
		{69362961-09C4-4CF8-914F-FD4BBD679D08} = {56890288-048C-4098-89D9-AE495B1D1303}
		{EF01E765-D766-400B-B317-2FEDFAE562CB} = {56890288-048C-4098-89D9-AE495B1D1303}
		{B956D5BB-B632-4EB5-A69D-2EFB6C1869A4} = {56890288-048C-4098-89D9-AE495B1D1303}
		{3A80100B-9E6E-4842-9239-B50BB8A81D9B} = {39287D69-83E1-4375-8EB6-BA838174B7D9}
		{8C9FC48C-1D27-487C-AF56-DCD47F878E06} = {39287D69-83E1-4375-8EB6-BA838174B7D9}
		{EAED442A-82E8-44EC-BBE7-86FC19CE7935} = {39287D69-83E1-4375-8EB6-BA838174B7D9}
	EndGlobalSection
	GlobalSection(ExtensibilityGlobals) = postSolution
		SolutionGuid = {E0AA1BA6-7A9C-468E-8FAA-F1B67CFACCDD}
	EndGlobalSection
EndGlobal
